// !$*UTF8*$!
{
	archiveVersion = 1;
	classes = {
	};
	objectVersion = 46;
	objects = {

/* Begin PBXBuildFile section */
		590881041BC30B9E00AB5CBF /* main.swift in Sources */ = {isa = PBXBuildFile; fileRef = 590881031BC30B9E00AB5CBF /* main.swift */; };
		590882311BC30F7D00AB5CBF /* RegionHeader.swift in Sources */ = {isa = PBXBuildFile; fileRef = 590882301BC30F7D00AB5CBF /* RegionHeader.swift */; settings = {ASSET_TAGS = (); }; };
		590882331BC30F8500AB5CBF /* RegionChunk.swift in Sources */ = {isa = PBXBuildFile; fileRef = 590882321BC30F8500AB5CBF /* RegionChunk.swift */; settings = {ASSET_TAGS = (); }; };
		590882351BC312BF00AB5CBF /* Region.swift in Sources */ = {isa = PBXBuildFile; fileRef = 590882341BC312BF00AB5CBF /* Region.swift */; settings = {ASSET_TAGS = (); }; };
		590882371BC3144D00AB5CBF /* RegionLocation.swift in Sources */ = {isa = PBXBuildFile; fileRef = 590882361BC3144D00AB5CBF /* RegionLocation.swift */; settings = {ASSET_TAGS = (); }; };
		5908823B1BC43A8B00AB5CBF /* NSData+GZIP.swift in Sources */ = {isa = PBXBuildFile; fileRef = 5908823A1BC43A8B00AB5CBF /* NSData+GZIP.swift */; settings = {ASSET_TAGS = (); }; };
		590882401BC43B4700AB5CBF /* libz.tbd in Frameworks */ = {isa = PBXBuildFile; fileRef = 5908823F1BC43B4700AB5CBF /* libz.tbd */; };
/* End PBXBuildFile section */

/* Begin PBXCopyFilesBuildPhase section */
		590880FE1BC30B9E00AB5CBF /* CopyFiles */ = {
			isa = PBXCopyFilesBuildPhase;
			buildActionMask = 2147483647;
			dstPath = /usr/share/man/man1/;
			dstSubfolderSpec = 0;
			files = (
			);
			runOnlyForDeploymentPostprocessing = 1;
		};
/* End PBXCopyFilesBuildPhase section */

/* Begin PBXFileReference section */
		590881001BC30B9E00AB5CBF /* minecraftReader */ = {isa = PBXFileReference; explicitFileType = "compiled.mach-o.executable"; includeInIndex = 0; path = minecraftReader; sourceTree = BUILT_PRODUCTS_DIR; };
		590881031BC30B9E00AB5CBF /* main.swift */ = {isa = PBXFileReference; lastKnownFileType = sourcecode.swift; path = main.swift; sourceTree = "<group>"; };
		590882301BC30F7D00AB5CBF /* RegionHeader.swift */ = {isa = PBXFileReference; fileEncoding = 4; lastKnownFileType = sourcecode.swift; path = RegionHeader.swift; sourceTree = "<group>"; };
		590882321BC30F8500AB5CBF /* RegionChunk.swift */ = {isa = PBXFileReference; fileEncoding = 4; lastKnownFileType = sourcecode.swift; path = RegionChunk.swift; sourceTree = "<group>"; };
		590882341BC312BF00AB5CBF /* Region.swift */ = {isa = PBXFileReference; fileEncoding = 4; lastKnownFileType = sourcecode.swift; path = Region.swift; sourceTree = "<group>"; };
		590882361BC3144D00AB5CBF /* RegionLocation.swift */ = {isa = PBXFileReference; fileEncoding = 4; lastKnownFileType = sourcecode.swift; path = RegionLocation.swift; sourceTree = "<group>"; };
		590882381BC3293800AB5CBF /* MyPlayground.playground */ = {isa = PBXFileReference; lastKnownFileType = file.playground; path = MyPlayground.playground; sourceTree = "<group>"; };
		5908823A1BC43A8B00AB5CBF /* NSData+GZIP.swift */ = {isa = PBXFileReference; fileEncoding = 4; lastKnownFileType = sourcecode.swift; path = "NSData+GZIP.swift"; sourceTree = "<group>"; };
		5908823F1BC43B4700AB5CBF /* libz.tbd */ = {isa = PBXFileReference; lastKnownFileType = "sourcecode.text-based-dylib-definition"; name = libz.tbd; path = usr/lib/libz.tbd; sourceTree = SDKROOT; };
		590882421BC43D2900AB5CBF /* zlib */ = {isa = PBXFileReference; lastKnownFileType = folder; path = zlib; sourceTree = "<group>"; };
/* End PBXFileReference section */

/* Begin PBXFrameworksBuildPhase section */
		590880FD1BC30B9E00AB5CBF /* Frameworks */ = {
			isa = PBXFrameworksBuildPhase;
			buildActionMask = 2147483647;
			files = (
				590882401BC43B4700AB5CBF /* libz.tbd in Frameworks */,
			);
			runOnlyForDeploymentPostprocessing = 0;
		};
/* End PBXFrameworksBuildPhase section */

/* Begin PBXGroup section */
		590880F71BC30B9E00AB5CBF = {
			isa = PBXGroup;
			children = (
				5908823F1BC43B4700AB5CBF /* libz.tbd */,
				590882381BC3293800AB5CBF /* MyPlayground.playground */,
				590881021BC30B9E00AB5CBF /* minecraftReader */,
				590881011BC30B9E00AB5CBF /* Products */,
				590882421BC43D2900AB5CBF /* zlib */,
			);
			sourceTree = "<group>";
		};
		590881011BC30B9E00AB5CBF /* Products */ = {
			isa = PBXGroup;
			children = (
				590881001BC30B9E00AB5CBF /* minecraftReader */,
			);
			name = Products;
			sourceTree = "<group>";
		};
		590881021BC30B9E00AB5CBF /* minecraftReader */ = {
			isa = PBXGroup;
			children = (
				590882391BC43A7200AB5CBF /* Util */,
				590881031BC30B9E00AB5CBF /* main.swift */,
				590882341BC312BF00AB5CBF /* Region.swift */,
				590882301BC30F7D00AB5CBF /* RegionHeader.swift */,
				590882321BC30F8500AB5CBF /* RegionChunk.swift */,
				590882361BC3144D00AB5CBF /* RegionLocation.swift */,
			);
			path = minecraftReader;
			sourceTree = "<group>";
		};
		590882391BC43A7200AB5CBF /* Util */ = {
			isa = PBXGroup;
			children = (
				5908823A1BC43A8B00AB5CBF /* NSData+GZIP.swift */,
			);
			name = Util;
			sourceTree = "<group>";
		};
/* End PBXGroup section */

/* Begin PBXNativeTarget section */
		590880FF1BC30B9E00AB5CBF /* minecraftReader */ = {
			isa = PBXNativeTarget;
			buildConfigurationList = 590881071BC30B9E00AB5CBF /* Build configuration list for PBXNativeTarget "minecraftReader" */;
			buildPhases = (
				590880FC1BC30B9E00AB5CBF /* Sources */,
				590880FD1BC30B9E00AB5CBF /* Frameworks */,
				590880FE1BC30B9E00AB5CBF /* CopyFiles */,
			);
			buildRules = (
			);
			dependencies = (
			);
			name = minecraftReader;
			productName = minecraftReader;
			productReference = 590881001BC30B9E00AB5CBF /* minecraftReader */;
			productType = "com.apple.product-type.tool";
		};
/* End PBXNativeTarget section */

/* Begin PBXProject section */
		590880F81BC30B9E00AB5CBF /* Project object */ = {
			isa = PBXProject;
			attributes = {
				KnownAssetTags = (
					New,
				);
				LastUpgradeCheck = 0700;
				ORGANIZATIONNAME = "Rhett Rogers";
				TargetAttributes = {
					590880FF1BC30B9E00AB5CBF = {
						CreatedOnToolsVersion = 7.0.1;
					};
				};
			};
			buildConfigurationList = 590880FB1BC30B9E00AB5CBF /* Build configuration list for PBXProject "minecraftReader" */;
			compatibilityVersion = "Xcode 3.2";
			developmentRegion = English;
			hasScannedForEncodings = 0;
			knownRegions = (
				en,
			);
			mainGroup = 590880F71BC30B9E00AB5CBF;
			productRefGroup = 590881011BC30B9E00AB5CBF /* Products */;
			projectDirPath = "";
			projectRoot = "";
			targets = (
				590880FF1BC30B9E00AB5CBF /* minecraftReader */,
			);
		};
/* End PBXProject section */

/* Begin PBXSourcesBuildPhase section */
		590880FC1BC30B9E00AB5CBF /* Sources */ = {
			isa = PBXSourcesBuildPhase;
			buildActionMask = 2147483647;
			files = (
				590882331BC30F8500AB5CBF /* RegionChunk.swift in Sources */,
				590882311BC30F7D00AB5CBF /* RegionHeader.swift in Sources */,
				5908823B1BC43A8B00AB5CBF /* NSData+GZIP.swift in Sources */,
				590882371BC3144D00AB5CBF /* RegionLocation.swift in Sources */,
				590881041BC30B9E00AB5CBF /* main.swift in Sources */,
				590882351BC312BF00AB5CBF /* Region.swift in Sources */,
			);
			runOnlyForDeploymentPostprocessing = 0;
		};
/* End PBXSourcesBuildPhase section */

/* Begin XCBuildConfiguration section */
		590881051BC30B9E00AB5CBF /* Debug */ = {
			isa = XCBuildConfiguration;
			buildSettings = {
				ALWAYS_SEARCH_USER_PATHS = NO;
				CLANG_CXX_LANGUAGE_STANDARD = "gnu++0x";
				CLANG_CXX_LIBRARY = "libc++";
				CLANG_ENABLE_MODULES = YES;
				CLANG_ENABLE_OBJC_ARC = YES;
				CLANG_WARN_BOOL_CONVERSION = YES;
				CLANG_WARN_CONSTANT_CONVERSION = YES;
				CLANG_WARN_DIRECT_OBJC_ISA_USAGE = YES_ERROR;
				CLANG_WARN_EMPTY_BODY = YES;
				CLANG_WARN_ENUM_CONVERSION = YES;
				CLANG_WARN_INT_CONVERSION = YES;
				CLANG_WARN_OBJC_ROOT_CLASS = YES_ERROR;
				CLANG_WARN_UNREACHABLE_CODE = YES;
				CLANG_WARN__DUPLICATE_METHOD_MATCH = YES;
				COPY_PHASE_STRIP = NO;
				DEBUG_INFORMATION_FORMAT = dwarf;
				ENABLE_STRICT_OBJC_MSGSEND = YES;
				ENABLE_TESTABILITY = YES;
				GCC_C_LANGUAGE_STANDARD = gnu99;
				GCC_DYNAMIC_NO_PIC = NO;
				GCC_NO_COMMON_BLOCKS = YES;
				GCC_OPTIMIZATION_LEVEL = 0;
				GCC_PREPROCESSOR_DEFINITIONS = (
					"DEBUG=1",
					"$(inherited)",
				);
				GCC_WARN_64_TO_32_BIT_CONVERSION = YES;
				GCC_WARN_ABOUT_RETURN_TYPE = YES_ERROR;
				GCC_WARN_UNDECLARED_SELECTOR = YES;
				GCC_WARN_UNINITIALIZED_AUTOS = YES_AGGRESSIVE;
				GCC_WARN_UNUSED_FUNCTION = YES;
				GCC_WARN_UNUSED_VARIABLE = YES;
				MACOSX_DEPLOYMENT_TARGET = 10.11;
				MTL_ENABLE_DEBUG_INFO = YES;
				ONLY_ACTIVE_ARCH = YES;
				SDKROOT = macosx;
				SWIFT_OPTIMIZATION_LEVEL = "-Onone";
			};
			name = Debug;
		};
		590881061BC30B9E00AB5CBF /* Release */ = {
			isa = XCBuildConfiguration;
			buildSettings = {
				ALWAYS_SEARCH_USER_PATHS = NO;
				CLANG_CXX_LANGUAGE_STANDARD = "gnu++0x";
				CLANG_CXX_LIBRARY = "libc++";
				CLANG_ENABLE_MODULES = YES;
				CLANG_ENABLE_OBJC_ARC = YES;
				CLANG_WARN_BOOL_CONVERSION = YES;
				CLANG_WARN_CONSTANT_CONVERSION = YES;
				CLANG_WARN_DIRECT_OBJC_ISA_USAGE = YES_ERROR;
				CLANG_WARN_EMPTY_BODY = YES;
				CLANG_WARN_ENUM_CONVERSION = YES;
				CLANG_WARN_INT_CONVERSION = YES;
				CLANG_WARN_OBJC_ROOT_CLASS = YES_ERROR;
				CLANG_WARN_UNREACHABLE_CODE = YES;
				CLANG_WARN__DUPLICATE_METHOD_MATCH = YES;
				COPY_PHASE_STRIP = NO;
				DEBUG_INFORMATION_FORMAT = "dwarf-with-dsym";
				ENABLE_NS_ASSERTIONS = NO;
				ENABLE_STRICT_OBJC_MSGSEND = YES;
				GCC_C_LANGUAGE_STANDARD = gnu99;
				GCC_NO_COMMON_BLOCKS = YES;
				GCC_WARN_64_TO_32_BIT_CONVERSION = YES;
				GCC_WARN_ABOUT_RETURN_TYPE = YES_ERROR;
				GCC_WARN_UNDECLARED_SELECTOR = YES;
				GCC_WARN_UNINITIALIZED_AUTOS = YES_AGGRESSIVE;
				GCC_WARN_UNUSED_FUNCTION = YES;
				GCC_WARN_UNUSED_VARIABLE = YES;
				MACOSX_DEPLOYMENT_TARGET = 10.11;
				MTL_ENABLE_DEBUG_INFO = NO;
				SDKROOT = macosx;
			};
			name = Release;
		};
		590881081BC30B9E00AB5CBF /* Debug */ = {
			isa = XCBuildConfiguration;
			buildSettings = {
				PRODUCT_NAME = "$(TARGET_NAME)";
				"SWIFT_INCLUDE_PATHS[arch=*]" = ../zlib;
			};
			name = Debug;
		};
		590881091BC30B9E00AB5CBF /* Release */ = {
			isa = XCBuildConfiguration;
			buildSettings = {
				PRODUCT_NAME = "$(TARGET_NAME)";
				"SWIFT_INCLUDE_PATHS[arch=*]" = ../zlib;
			};
			name = Release;
		};
/* End XCBuildConfiguration section */

/* Begin XCConfigurationList section */
		590880FB1BC30B9E00AB5CBF /* Build configuration list for PBXProject "minecraftReader" */ = {
			isa = XCConfigurationList;
			buildConfigurations = (
				590881051BC30B9E00AB5CBF /* Debug */,
				590881061BC30B9E00AB5CBF /* Release */,
			);
			defaultConfigurationIsVisible = 0;
			defaultConfigurationName = Release;
		};
		590881071BC30B9E00AB5CBF /* Build configuration list for PBXNativeTarget "minecraftReader" */ = {
			isa = XCConfigurationList;
			buildConfigurations = (
				590881081BC30B9E00AB5CBF /* Debug */,
				590881091BC30B9E00AB5CBF /* Release */,
			);
			defaultConfigurationIsVisible = 0;
		};
/* End XCConfigurationList section */
	};
	rootObject = 590880F81BC30B9E00AB5CBF /* Project object */;
}
